
Microsoft Visual Studio Solution File, Format Version 12.00
# Visual Studio Version 17
VisualStudioVersion = 17.7.34202.233
MinimumVisualStudioVersion = 10.0.40219.1
Project("{8BC9CEB8-8B4A-11D0-8D11-00A0C91BC942}") = "LR_4.2", "LR_4.2.vcxproj", "{80EDCE6A-8D32-4CBB-BF4C-05F753A81561}"
EndProject
Global
	GlobalSection(SolutionConfigurationPlatforms) = preSolution
		Debug|x64 = Debug|x64
		Debug|x86 = Debug|x86
		Release|x64 = Release|x64
		Release|x86 = Release|x86
	EndGlobalSection
	GlobalSection(ProjectConfigurationPlatforms) = postSolution
		{80EDCE6A-8D32-4CBB-BF4C-05F753A81561}.Debug|x64.ActiveCfg = Debug|x64
		{80EDCE6A-8D32-4CBB-BF4C-05F753A81561}.Debug|x64.Build.0 = Debug|x64
		{80EDCE6A-8D32-4CBB-BF4C-05F753A81561}.Debug|x86.ActiveCfg = Debug|Win32
		{80EDCE6A-8D32-4CBB-BF4C-05F753A81561}.Debug|x86.Build.0 = Debug|Win32
		{80EDCE6A-8D32-4CBB-BF4C-05F753A81561}.Release|x64.ActiveCfg = Release|x64
		{80EDCE6A-8D32-4CBB-BF4C-05F753A81561}.Release|x64.Build.0 = Release|x64
		{80EDCE6A-8D32-4CBB-BF4C-05F753A81561}.Release|x86.ActiveCfg = Release|Win32
		{80EDCE6A-8D32-4CBB-BF4C-05F753A81561}.Release|x86.Build.0 = Release|Win32
	EndGlobalSection
	GlobalSection(SolutionProperties) = preSolution
		HideSolutionNode = FALSE
	EndGlobalSection
	GlobalSection(ExtensibilityGlobals) = postSolution
		SolutionGuid = {0DAD6688-7003-4046-B0E3-C4C41666259F}
	EndGlobalSection
EndGlobal
